
Microsoft Visual Studio Solution File, Format Version 12.00
# Visual Studio 2013
VisualStudioVersion = 12.0.40629.0
MinimumVisualStudioVersion = 10.0.40219.1
Project("{FAE04EC0-301F-11D3-BF4B-00C04F79EFBC}") = "PL_MVC", "PL_MVC\PL_MVC.csproj", "{34295C84-C2FE-43B2-8806-8A0D2326C25C}"
EndProject
Project("{FAE04EC0-301F-11D3-BF4B-00C04F79EFBC}") = "ML", "ML\ML.csproj", "{3A67DE01-3777-459A-AD3F-EBAC8222D5F3}"
EndProject
Project("{FAE04EC0-301F-11D3-BF4B-00C04F79EFBC}") = "BL", "BL\BL.csproj", "{F87248BA-5F7A-4D2F-994A-3F2895491647}"
EndProject
Project("{FAE04EC0-301F-11D3-BF4B-00C04F79EFBC}") = "DL", "DL\DL.csproj", "{379FAF62-059E-486C-B3CC-EAAFEA8E8473}"
EndProject
Project("{FAE04EC0-301F-11D3-BF4B-00C04F79EFBC}") = "WCF_Alumno", "WCF_Alumno\WCF_Alumno.csproj", "{0EA038E9-09D3-4B5B-8454-D4062398C48D}"
EndProject
Project("{FAE04EC0-301F-11D3-BF4B-00C04F79EFBC}") = "SL_ApiMateria", "SL_ApiMateria\SL_ApiMateria.csproj", "{C0C65901-0EA4-49B7-A4F1-3EF7CAD1BB2E}"
EndProject
Global
	GlobalSection(SolutionConfigurationPlatforms) = preSolution
		Debug|Any CPU = Debug|Any CPU
		Release|Any CPU = Release|Any CPU
	EndGlobalSection
	GlobalSection(ProjectConfigurationPlatforms) = postSolution
		{34295C84-C2FE-43B2-8806-8A0D2326C25C}.Debug|Any CPU.ActiveCfg = Debug|Any CPU
		{34295C84-C2FE-43B2-8806-8A0D2326C25C}.Debug|Any CPU.Build.0 = Debug|Any CPU
		{34295C84-C2FE-43B2-8806-8A0D2326C25C}.Release|Any CPU.ActiveCfg = Release|Any CPU
		{34295C84-C2FE-43B2-8806-8A0D2326C25C}.Release|Any CPU.Build.0 = Release|Any CPU
		{3A67DE01-3777-459A-AD3F-EBAC8222D5F3}.Debug|Any CPU.ActiveCfg = Debug|Any CPU
		{3A67DE01-3777-459A-AD3F-EBAC8222D5F3}.Debug|Any CPU.Build.0 = Debug|Any CPU
		{3A67DE01-3777-459A-AD3F-EBAC8222D5F3}.Release|Any CPU.ActiveCfg = Release|Any CPU
		{3A67DE01-3777-459A-AD3F-EBAC8222D5F3}.Release|Any CPU.Build.0 = Release|Any CPU
		{F87248BA-5F7A-4D2F-994A-3F2895491647}.Debug|Any CPU.ActiveCfg = Debug|Any CPU
		{F87248BA-5F7A-4D2F-994A-3F2895491647}.Debug|Any CPU.Build.0 = Debug|Any CPU
		{F87248BA-5F7A-4D2F-994A-3F2895491647}.Release|Any CPU.ActiveCfg = Release|Any CPU
		{F87248BA-5F7A-4D2F-994A-3F2895491647}.Release|Any CPU.Build.0 = Release|Any CPU
		{379FAF62-059E-486C-B3CC-EAAFEA8E8473}.Debug|Any CPU.ActiveCfg = Debug|Any CPU
		{379FAF62-059E-486C-B3CC-EAAFEA8E8473}.Debug|Any CPU.Build.0 = Debug|Any CPU
		{379FAF62-059E-486C-B3CC-EAAFEA8E8473}.Release|Any CPU.ActiveCfg = Release|Any CPU
		{379FAF62-059E-486C-B3CC-EAAFEA8E8473}.Release|Any CPU.Build.0 = Release|Any CPU
		{0EA038E9-09D3-4B5B-8454-D4062398C48D}.Debug|Any CPU.ActiveCfg = Debug|Any CPU
		{0EA038E9-09D3-4B5B-8454-D4062398C48D}.Debug|Any CPU.Build.0 = Debug|Any CPU
		{0EA038E9-09D3-4B5B-8454-D4062398C48D}.Release|Any CPU.ActiveCfg = Release|Any CPU
		{0EA038E9-09D3-4B5B-8454-D4062398C48D}.Release|Any CPU.Build.0 = Release|Any CPU
		{C0C65901-0EA4-49B7-A4F1-3EF7CAD1BB2E}.Debug|Any CPU.ActiveCfg = Debug|Any CPU
		{C0C65901-0EA4-49B7-A4F1-3EF7CAD1BB2E}.Debug|Any CPU.Build.0 = Debug|Any CPU
		{C0C65901-0EA4-49B7-A4F1-3EF7CAD1BB2E}.Release|Any CPU.ActiveCfg = Release|Any CPU
		{C0C65901-0EA4-49B7-A4F1-3EF7CAD1BB2E}.Release|Any CPU.Build.0 = Release|Any CPU
	EndGlobalSection
	GlobalSection(SolutionProperties) = preSolution
		HideSolutionNode = FALSE
	EndGlobalSection
EndGlobal
